
Microsoft Visual Studio Solution File, Format Version 12.00
# Visual Studio Version 17
VisualStudioVersion = 17.7.34031.279
MinimumVisualStudioVersion = 10.0.40219.1
Project("{FAE04EC0-301F-11D3-BF4B-00C04F79EFBC}") = "SevCard", "SevCard\SevCard.csproj", "{A6FAAF24-2862-496D-8BD8-99A04535FB60}"
EndProject
Global
	GlobalSection(SolutionConfigurationPlatforms) = preSolution
		Debug|Any CPU = Debug|Any CPU
		Release|Any CPU = Release|Any CPU
	EndGlobalSection
	GlobalSection(ProjectConfigurationPlatforms) = postSolution
		{A6FAAF24-2862-496D-8BD8-99A04535FB60}.Debug|Any CPU.ActiveCfg = Debug|Any CPU
		{A6FAAF24-2862-496D-8BD8-99A04535FB60}.Debug|Any CPU.Build.0 = Debug|Any CPU
		{A6FAAF24-2862-496D-8BD8-99A04535FB60}.Release|Any CPU.ActiveCfg = Release|Any CPU
		{A6FAAF24-2862-496D-8BD8-99A04535FB60}.Release|Any CPU.Build.0 = Release|Any CPU
	EndGlobalSection
	GlobalSection(SolutionProperties) = preSolution
		HideSolutionNode = FALSE
	EndGlobalSection
	GlobalSection(ExtensibilityGlobals) = postSolution
		SolutionGuid = {351E40F3-101E-40AD-AE54-D7673B7007FC}
	EndGlobalSection
EndGlobal
